// !$*UTF8*$!
{
	archiveVersion = 1;
	classes = {
	};
	objectVersion = 50;
	objects = {

/* Begin PBXBuildFile section */
		F754101721E8744600EDD1B1 /* AppDelegate.swift in Sources */ = {isa = PBXBuildFile; fileRef = F754101621E8744600EDD1B1 /* AppDelegate.swift */; };
		F754101921E8744600EDD1B1 /* ViewController.swift in Sources */ = {isa = PBXBuildFile; fileRef = F754101821E8744600EDD1B1 /* ViewController.swift */; };
		F754101C21E8744600EDD1B1 /* Main.storyboard in Resources */ = {isa = PBXBuildFile; fileRef = F754101A21E8744600EDD1B1 /* Main.storyboard */; };
		F754101E21E8744800EDD1B1 /* Assets.xcassets in Resources */ = {isa = PBXBuildFile; fileRef = F754101D21E8744800EDD1B1 /* Assets.xcassets */; };
		F754102121E8744800EDD1B1 /* LaunchScreen.storyboard in Resources */ = {isa = PBXBuildFile; fileRef = F754101F21E8744800EDD1B1 /* LaunchScreen.storyboard */; };
		F7E03DA521EC1BB400D57BF2 /* TestURLCell.swift in Sources */ = {isa = PBXBuildFile; fileRef = F7E03DA421EC1BB400D57BF2 /* TestURLCell.swift */; };
/* End PBXBuildFile section */

/* Begin PBXFileReference section */
		F754101321E8744600EDD1B1 /* TestURLSession.app */ = {isa = PBXFileReference; explicitFileType = wrapper.application; includeInIndex = 0; path = TestURLSession.app; sourceTree = BUILT_PRODUCTS_DIR; };
		F754101621E8744600EDD1B1 /* AppDelegate.swift */ = {isa = PBXFileReference; lastKnownFileType = sourcecode.swift; path = AppDelegate.swift; sourceTree = "<group>"; };
		F754101821E8744600EDD1B1 /* ViewController.swift */ = {isa = PBXFileReference; lastKnownFileType = sourcecode.swift; path = ViewController.swift; sourceTree = "<group>"; };
		F754101B21E8744600EDD1B1 /* Base */ = {isa = PBXFileReference; lastKnownFileType = file.storyboard; name = Base; path = Base.lproj/Main.storyboard; sourceTree = "<group>"; };
		F754101D21E8744800EDD1B1 /* Assets.xcassets */ = {isa = PBXFileReference; lastKnownFileType = folder.assetcatalog; path = Assets.xcassets; sourceTree = "<group>"; };
		F754102021E8744800EDD1B1 /* Base */ = {isa = PBXFileReference; lastKnownFileType = file.storyboard; name = Base; path = Base.lproj/LaunchScreen.storyboard; sourceTree = "<group>"; };
		F754102221E8744800EDD1B1 /* Info.plist */ = {isa = PBXFileReference; lastKnownFileType = text.plist.xml; path = Info.plist; sourceTree = "<group>"; };
		F7E03DA421EC1BB400D57BF2 /* TestURLCell.swift */ = {isa = PBXFileReference; lastKnownFileType = sourcecode.swift; path = TestURLCell.swift; sourceTree = "<group>"; };
/* End PBXFileReference section */

/* Begin PBXFrameworksBuildPhase section */
		F754101021E8744600EDD1B1 /* Frameworks */ = {
			isa = PBXFrameworksBuildPhase;
			buildActionMask = 2147483647;
			files = (
			);
			runOnlyForDeploymentPostprocessing = 0;
		};
/* End PBXFrameworksBuildPhase section */

/* Begin PBXGroup section */
		F754100A21E8744600EDD1B1 = {
			isa = PBXGroup;
			children = (
				F754101521E8744600EDD1B1 /* TestURLSession */,
				F754101421E8744600EDD1B1 /* Products */,
			);
			sourceTree = "<group>";
		};
		F754101421E8744600EDD1B1 /* Products */ = {
			isa = PBXGroup;
			children = (
				F754101321E8744600EDD1B1 /* TestURLSession.app */,
			);
			name = Products;
			sourceTree = "<group>";
		};
		F754101521E8744600EDD1B1 /* TestURLSession */ = {
			isa = PBXGroup;
			children = (
				F754101621E8744600EDD1B1 /* AppDelegate.swift */,
				F754101821E8744600EDD1B1 /* ViewController.swift */,
				F754101A21E8744600EDD1B1 /* Main.storyboard */,
				F754101D21E8744800EDD1B1 /* Assets.xcassets */,
				F754101F21E8744800EDD1B1 /* LaunchScreen.storyboard */,
				F754102221E8744800EDD1B1 /* Info.plist */,
				F7E03DA421EC1BB400D57BF2 /* TestURLCell.swift */,
			);
			path = TestURLSession;
			sourceTree = "<group>";
		};
/* End PBXGroup section */

/* Begin PBXNativeTarget section */
		F754101221E8744600EDD1B1 /* TestURLSession */ = {
			isa = PBXNativeTarget;
			buildConfigurationList = F754102521E8744800EDD1B1 /* Build configuration list for PBXNativeTarget "TestURLSession" */;
			buildPhases = (
				F754100F21E8744600EDD1B1 /* Sources */,
				F754101021E8744600EDD1B1 /* Frameworks */,
				F754101121E8744600EDD1B1 /* Resources */,
			);
			buildRules = (
			);
			dependencies = (
			);
			name = TestURLSession;
			productName = TestURLSession;
			productReference = F754101321E8744600EDD1B1 /* TestURLSession.app */;
			productType = "com.apple.product-type.application";
		};
/* End PBXNativeTarget section */

/* Begin PBXProject section */
		F754100B21E8744600EDD1B1 /* Project object */ = {
			isa = PBXProject;
			attributes = {
				LastSwiftUpdateCheck = 1010;
				LastUpgradeCheck = 1010;
				ORGANIZATIONNAME = "Datt-D1";
				TargetAttributes = {
					F754101221E8744600EDD1B1 = {
						CreatedOnToolsVersion = 10.1;
					};
				};
			};
			buildConfigurationList = F754100E21E8744600EDD1B1 /* Build configuration list for PBXProject "TestURLSession" */;
			compatibilityVersion = "Xcode 9.3";
			developmentRegion = en;
			hasScannedForEncodings = 0;
			knownRegions = (
				en,
				Base,
			);
			mainGroup = F754100A21E8744600EDD1B1;
			productRefGroup = F754101421E8744600EDD1B1 /* Products */;
			projectDirPath = "";
			projectRoot = "";
			targets = (
				F754101221E8744600EDD1B1 /* TestURLSession */,
			);
		};
/* End PBXProject section */

/* Begin PBXResourcesBuildPhase section */
		F754101121E8744600EDD1B1 /* Resources */ = {
			isa = PBXResourcesBuildPhase;
			buildActionMask = 2147483647;
			files = (
				F754102121E8744800EDD1B1 /* LaunchScreen.storyboard in Resources */,
				F754101E21E8744800EDD1B1 /* Assets.xcassets in Resources */,
				F754101C21E8744600EDD1B1 /* Main.storyboard in Resources */,
			);
			runOnlyForDeploymentPostprocessing = 0;
		};
/* End PBXResourcesBuildPhase section */

/* Begin PBXSourcesBuildPhase section */
		F754100F21E8744600EDD1B1 /* Sources */ = {
			isa = PBXSourcesBuildPhase;
			buildActionMask = 2147483647;
			files = (
				F754101921E8744600EDD1B1 /* ViewController.swift in Sources */,
				F754101721E8744600EDD1B1 /* AppDelegate.swift in Sources */,
				F7E03DA521EC1BB400D57BF2 /* TestURLCell.swift in Sources */,
			);
			runOnlyForDeploymentPostprocessing = 0;
		};
/* End PBXSourcesBuildPhase section */

/* Begin PBXVariantGroup section */
		F754101A21E8744600EDD1B1 /* Main.storyboard */ = {
			isa = PBXVariantGroup;
			children = (
				F754101B21E8744600EDD1B1 /* Base */,
			);
			name = Main.storyboard;
			sourceTree = "<group>";
		};
		F754101F21E8744800EDD1B1 /* LaunchScreen.storyboard */ = {
			isa = PBXVariantGroup;
			children = (
				F754102021E8744800EDD1B1 /* Base */,
			);
			name = LaunchScreen.storyboard;
			sourceTree = "<group>";
		};
/* End PBXVariantGroup section */

/* Begin XCBuildConfiguration section */
		F754102321E8744800EDD1B1 /* Debug */ = {
			isa = XCBuildConfiguration;
			buildSettings = {
				ALWAYS_SEARCH_USER_PATHS = NO;
				CLANG_ANALYZER_NONNULL = YES;
				CLANG_ANALYZER_NUMBER_OBJECT_CONVERSION = YES_AGGRESSIVE;
				CLANG_CXX_LANGUAGE_STANDARD = "gnu++14";
				CLANG_CXX_LIBRARY = "libc++";
				CLANG_ENABLE_MODULES = YES;
				CLANG_ENABLE_OBJC_ARC = YES;
				CLANG_ENABLE_OBJC_WEAK = YES;
				CLANG_WARN_BLOCK_CAPTURE_AUTORELEASING = YES;
				CLANG_WARN_BOOL_CONVERSION = YES;
				CLANG_WARN_COMMA = YES;
				CLANG_WARN_CONSTANT_CONVERSION = YES;
				CLANG_WARN_DEPRECATED_OBJC_IMPLEMENTATIONS = YES;
				CLANG_WARN_DIRECT_OBJC_ISA_USAGE = YES_ERROR;
				CLANG_WARN_DOCUMENTATION_COMMENTS = YES;
				CLANG_WARN_EMPTY_BODY = YES;
				CLANG_WARN_ENUM_CONVERSION = YES;
				CLANG_WARN_INFINITE_RECURSION = YES;
				CLANG_WARN_INT_CONVERSION = YES;
				CLANG_WARN_NON_LITERAL_NULL_CONVERSION = YES;
				CLANG_WARN_OBJC_IMPLICIT_RETAIN_SELF = YES;
				CLANG_WARN_OBJC_LITERAL_CONVERSION = YES;
				CLANG_WARN_OBJC_ROOT_CLASS = YES_ERROR;
				CLANG_WARN_RANGE_LOOP_ANALYSIS = YES;
				CLANG_WARN_STRICT_PROTOTYPES = YES;
				CLANG_WARN_SUSPICIOUS_MOVE = YES;
				CLANG_WARN_UNGUARDED_AVAILABILITY = YES_AGGRESSIVE;
				CLANG_WARN_UNREACHABLE_CODE = YES;
				CLANG_WARN__DUPLICATE_METHOD_MATCH = YES;
				CODE_SIGN_IDENTITY = "iPhone Developer";
				COPY_PHASE_STRIP = NO;
				DEBUG_INFORMATION_FORMAT = dwarf;
				ENABLE_STRICT_OBJC_MSGSEND = YES;
				ENABLE_TESTABILITY = YES;
				GCC_C_LANGUAGE_STANDARD = gnu11;
				GCC_DYNAMIC_NO_PIC = NO;
				GCC_NO_COMMON_BLOCKS = YES;
				GCC_OPTIMIZATION_LEVEL = 0;
				GCC_PREPROCESSOR_DEFINITIONS = (
					"DEBUG=1",
					"$(inherited)",
				);
				GCC_WARN_64_TO_32_BIT_CONVERSION = YES;
				GCC_WARN_ABOUT_RETURN_TYPE = YES_ERROR;
				GCC_WARN_UNDECLARED_SELECTOR = YES;
				GCC_WARN_UNINITIALIZED_AUTOS = YES_AGGRESSIVE;
				GCC_WARN_UNUSED_FUNCTION = YES;
				GCC_WARN_UNUSED_VARIABLE = YES;
				IPHONEOS_DEPLOYMENT_TARGET = 12.1;
				MTL_ENABLE_DEBUG_INFO = INCLUDE_SOURCE;
				MTL_FAST_MATH = YES;
				ONLY_ACTIVE_ARCH = YES;
				SDKROOT = iphoneos;
				SWIFT_ACTIVE_COMPILATION_CONDITIONS = DEBUG;
				SWIFT_OPTIMIZATION_LEVEL = "-Onone";
			};
			name = Debug;
		};
		F754102421E8744800EDD1B1 /* Release */ = {
			isa = XCBuildConfiguration;
			buildSettings = {
				ALWAYS_SEARCH_USER_PATHS = NO;
				CLANG_ANALYZER_NONNULL = YES;
				CLANG_ANALYZER_NUMBER_OBJECT_CONVERSION = YES_AGGRESSIVE;
				CLANG_CXX_LANGUAGE_STANDARD = "gnu++14";
				CLANG_CXX_LIBRARY = "libc++";
				CLANG_ENABLE_MODULES = YES;
				CLANG_ENABLE_OBJC_ARC = YES;
				CLANG_ENABLE_OBJC_WEAK = YES;
				CLANG_WARN_BLOCK_CAPTURE_AUTORELEASING = YES;
				CLANG_WARN_BOOL_CONVERSION = YES;
				CLANG_WARN_COMMA = YES;
				CLANG_WARN_CONSTANT_CONVERSION = YES;
				CLANG_WARN_DEPRECATED_OBJC_IMPLEMENTATIONS = YES;
				CLANG_WARN_DIRECT_OBJC_ISA_USAGE = YES_ERROR;
				CLANG_WARN_DOCUMENTATION_COMMENTS = YES;
				CLANG_WARN_EMPTY_BODY = YES;
				CLANG_WARN_ENUM_CONVERSION = YES;
				CLANG_WARN_INFINITE_RECURSION = YES;
				CLANG_WARN_INT_CONVERSION = YES;
				CLANG_WARN_NON_LITERAL_NULL_CONVERSION = YES;
				CLANG_WARN_OBJC_IMPLICIT_RETAIN_SELF = YES;
				CLANG_WARN_OBJC_LITERAL_CONVERSION = YES;
				CLANG_WARN_OBJC_ROOT_CLASS = YES_ERROR;
				CLANG_WARN_RANGE_LOOP_ANALYSIS = YES;
				CLANG_WARN_STRICT_PROTOTYPES = YES;
				CLANG_WARN_SUSPICIOUS_MOVE = YES;
				CLANG_WARN_UNGUARDED_AVAILABILITY = YES_AGGRESSIVE;
				CLANG_WARN_UNREACHABLE_CODE = YES;
				CLANG_WARN__DUPLICATE_METHOD_MATCH = YES;
				CODE_SIGN_IDENTITY = "iPhone Developer";
				COPY_PHASE_STRIP = NO;
				DEBUG_INFORMATION_FORMAT = "dwarf-with-dsym";
				ENABLE_NS_ASSERTIONS = NO;
				ENABLE_STRICT_OBJC_MSGSEND = YES;
				GCC_C_LANGUAGE_STANDARD = gnu11;
				GCC_NO_COMMON_BLOCKS = YES;
				GCC_WARN_64_TO_32_BIT_CONVERSION = YES;
				GCC_WARN_ABOUT_RETURN_TYPE = YES_ERROR;
				GCC_WARN_UNDECLARED_SELECTOR = YES;
				GCC_WARN_UNINITIALIZED_AUTOS = YES_AGGRESSIVE;
				GCC_WARN_UNUSED_FUNCTION = YES;
				GCC_WARN_UNUSED_VARIABLE = YES;
				IPHONEOS_DEPLOYMENT_TARGET = 12.1;
				MTL_ENABLE_DEBUG_INFO = NO;
				MTL_FAST_MATH = YES;
				SDKROOT = iphoneos;
				SWIFT_COMPILATION_MODE = wholemodule;
				SWIFT_OPTIMIZATION_LEVEL = "-O";
				VALIDATE_PRODUCT = YES;
			};
			name = Release;
		};
		F754102621E8744800EDD1B1 /* Debug */ = {
			isa = XCBuildConfiguration;
			buildSettings = {
				ASSETCATALOG_COMPILER_APPICON_NAME = AppIcon;
				CODE_SIGN_STYLE = Automatic;
				DEVELOPMENT_TEAM = X7YH7J65S5;
				INFOPLIST_FILE = TestURLSession/Info.plist;
				IPHONEOS_DEPLOYMENT_TARGET = 9.3;
				LD_RUNPATH_SEARCH_PATHS = (
					"$(inherited)",
					"@executable_path/Frameworks",
				);
				PRODUCT_BUNDLE_IDENTIFIER = gw.ds96.TestURLSession;
				PRODUCT_NAME = "$(TARGET_NAME)";
				SWIFT_VERSION = 4.2;
				TARGETED_DEVICE_FAMILY = "1,2";
			};
			name = Debug;
		};
		F754102721E8744800EDD1B1 /* Release */ = {
			isa = XCBuildConfiguration;
			buildSettings = {
				ASSETCATALOG_COMPILER_APPICON_NAME = AppIcon;
				CODE_SIGN_STYLE = Automatic;
				DEVELOPMENT_TEAM = X7YH7J65S5;
				INFOPLIST_FILE = TestURLSession/Info.plist;
				IPHONEOS_DEPLOYMENT_TARGET = 9.3;
				LD_RUNPATH_SEARCH_PATHS = (
					"$(inherited)",
					"@executable_path/Frameworks",
				);
				PRODUCT_BUNDLE_IDENTIFIER = gw.ds96.TestURLSession;
				PRODUCT_NAME = "$(TARGET_NAME)";
				SWIFT_VERSION = 4.2;
				TARGETED_DEVICE_FAMILY = "1,2";
			};
			name = Release;
		};
/* End XCBuildConfiguration section */

/* Begin XCConfigurationList section */
		F754100E21E8744600EDD1B1 /* Build configuration list for PBXProject "TestURLSession" */ = {
			isa = XCConfigurationList;
			buildConfigurations = (
				F754102321E8744800EDD1B1 /* Debug */,
				F754102421E8744800EDD1B1 /* Release */,
			);
			defaultConfigurationIsVisible = 0;
			defaultConfigurationName = Release;
		};
		F754102521E8744800EDD1B1 /* Build configuration list for PBXNativeTarget "TestURLSession" */ = {
			isa = XCConfigurationList;
			buildConfigurations = (
				F754102621E8744800EDD1B1 /* Debug */,
				F754102721E8744800EDD1B1 /* Release */,
			);
			defaultConfigurationIsVisible = 0;
			defaultConfigurationName = Release;
		};
/* End XCConfigurationList section */
	};
	rootObject = F754100B21E8744600EDD1B1 /* Project object */;
}
